
Microsoft Visual Studio Solution File, Format Version 12.00
# Visual Studio 2012
Project("{8BC9CEB8-8B4A-11D0-8D11-00A0C91BC942}") = "任务01_3 两棵松树", "任务01_3 两棵松树\任务01_3 两棵松树.vcxproj", "{32AFE8F7-9ABF-4866-90EF-184DE87B513E}"
EndProject
Global
	GlobalSection(SolutionConfigurationPlatforms) = preSolution
		Debug|Win32 = Debug|Win32
		Release|Win32 = Release|Win32
	EndGlobalSection
	GlobalSection(ProjectConfigurationPlatforms) = postSolution
		{32AFE8F7-9ABF-4866-90EF-184DE87B513E}.Debug|Win32.ActiveCfg = Debug|Win32
		{32AFE8F7-9ABF-4866-90EF-184DE87B513E}.Debug|Win32.Build.0 = Debug|Win32
		{32AFE8F7-9ABF-4866-90EF-184DE87B513E}.Release|Win32.ActiveCfg = Release|Win32
		{32AFE8F7-9ABF-4866-90EF-184DE87B513E}.Release|Win32.Build.0 = Release|Win32
	EndGlobalSection
	GlobalSection(SolutionProperties) = preSolution
		HideSolutionNode = FALSE
	EndGlobalSection
EndGlobal
