
Microsoft Visual Studio Solution File, Format Version 12.00
# Visual Studio 2012
Project("{8BC9CEB8-8B4A-11D0-8D11-00A0C91BC942}") = "3.6日上课代码", "3.6日上课代码\3.6日上课代码.vcxproj", "{0460DF34-5D2D-4FAF-83AA-F9E9950FE807}"
EndProject
Global
	GlobalSection(SolutionConfigurationPlatforms) = preSolution
		Debug|Win32 = Debug|Win32
		Release|Win32 = Release|Win32
	EndGlobalSection
	GlobalSection(ProjectConfigurationPlatforms) = postSolution
		{0460DF34-5D2D-4FAF-83AA-F9E9950FE807}.Debug|Win32.ActiveCfg = Debug|Win32
		{0460DF34-5D2D-4FAF-83AA-F9E9950FE807}.Debug|Win32.Build.0 = Debug|Win32
		{0460DF34-5D2D-4FAF-83AA-F9E9950FE807}.Release|Win32.ActiveCfg = Release|Win32
		{0460DF34-5D2D-4FAF-83AA-F9E9950FE807}.Release|Win32.Build.0 = Release|Win32
	EndGlobalSection
	GlobalSection(SolutionProperties) = preSolution
		HideSolutionNode = FALSE
	EndGlobalSection
EndGlobal
